// !$*UTF8*$!
{
	archiveVersion = 1;
	classes = {
	};
	objectVersion = 50;
	objects = {

/* Begin PBXBuildFile section */
		0A45B4892DDA2A8664E3CA4C /* Pods_cuHacking.framework in Frameworks */ = {isa = PBXBuildFile; fileRef = 828E3756A57D3757D4C74CA0 /* Pods_cuHacking.framework */; };
		6B1B6AD822C7DC2E001E705D /* .mapbox in Resources */ = {isa = PBXBuildFile; fileRef = 6B1B6AD722C7DC2E001E705D /* .mapbox */; };
		6B26322C22C6468B0034CA72 /* ProfileViewController.swift in Sources */ = {isa = PBXBuildFile; fileRef = 6B26322B22C6468B0034CA72 /* ProfileViewController.swift */; };
		6B26322D22C6468B0034CA72 /* ProfileViewController.swift in Sources */ = {isa = PBXBuildFile; fileRef = 6B26322B22C6468B0034CA72 /* ProfileViewController.swift */; };
		6B26322E22C6468B0034CA72 /* ProfileViewController.swift in Sources */ = {isa = PBXBuildFile; fileRef = 6B26322B22C6468B0034CA72 /* ProfileViewController.swift */; };
		6B26323022C6514B0034CA72 /* QRScannerViewController.swift in Sources */ = {isa = PBXBuildFile; fileRef = 6B26322F22C6514B0034CA72 /* QRScannerViewController.swift */; };
		6B29894322C5C51300B1550C /* CUTabBarController.swift in Sources */ = {isa = PBXBuildFile; fileRef = 6B29894222C5C51300B1550C /* CUTabBarController.swift */; };
		6B29894522C5C5A300B1550C /* InformationViewController.swift in Sources */ = {isa = PBXBuildFile; fileRef = 6B29894422C5C5A300B1550C /* InformationViewController.swift */; };
		6B29894722C5E08000B1550C /* Theme.swift in Sources */ = {isa = PBXBuildFile; fileRef = 6B29894622C5E08000B1550C /* Theme.swift */; };
		6B29894922C5E08900B1550C /* LightTheme.swift in Sources */ = {isa = PBXBuildFile; fileRef = 6B29894822C5E08900B1550C /* LightTheme.swift */; };
		6B29894B22C5E09000B1550C /* DarkTheme.swift in Sources */ = {isa = PBXBuildFile; fileRef = 6B29894A22C5E09000B1550C /* DarkTheme.swift */; };
		6B29894C22C5E28300B1550C /* Assets.xcassets in Resources */ = {isa = PBXBuildFile; fileRef = 6B87C34322BFD66C00803F7C /* Assets.xcassets */; };
		6B29894D22C5E28300B1550C /* Assets.xcassets in Resources */ = {isa = PBXBuildFile; fileRef = 6B87C34322BFD66C00803F7C /* Assets.xcassets */; };
		6B29894F22C5E84200B1550C /* ScheduleViewController.swift in Sources */ = {isa = PBXBuildFile; fileRef = 6B29894E22C5E84200B1550C /* ScheduleViewController.swift */; };
		6B29895122C5E86600B1550C /* MapViewController.swift in Sources */ = {isa = PBXBuildFile; fileRef = 6B29895022C5E86600B1550C /* MapViewController.swift */; };
		6B6AC21122CD527A00EAACDD /* SystemTheme.swift in Sources */ = {isa = PBXBuildFile; fileRef = 6B6AC21022CD527A00EAACDD /* SystemTheme.swift */; };
		6B6AC21222CD527A00EAACDD /* SystemTheme.swift in Sources */ = {isa = PBXBuildFile; fileRef = 6B6AC21022CD527A00EAACDD /* SystemTheme.swift */; };
		6B6AC21322CD527A00EAACDD /* SystemTheme.swift in Sources */ = {isa = PBXBuildFile; fileRef = 6B6AC21022CD527A00EAACDD /* SystemTheme.swift */; };
		6B6D4F3822D3D03600A9D4F9 /* DashboardAPI.swift in Sources */ = {isa = PBXBuildFile; fileRef = 6B6D4F3722D3D03600A9D4F9 /* DashboardAPI.swift */; };
		6B6D4F3922D3D03600A9D4F9 /* DashboardAPI.swift in Sources */ = {isa = PBXBuildFile; fileRef = 6B6D4F3722D3D03600A9D4F9 /* DashboardAPI.swift */; };
		6B6D4F3A22D3D03600A9D4F9 /* DashboardAPI.swift in Sources */ = {isa = PBXBuildFile; fileRef = 6B6D4F3722D3D03600A9D4F9 /* DashboardAPI.swift */; };
		6B6D4F3C22D3D06000A9D4F9 /* UserDefaultsAPI.swift in Sources */ = {isa = PBXBuildFile; fileRef = 6B6D4F3B22D3D06000A9D4F9 /* UserDefaultsAPI.swift */; };
		6B6D4F3D22D3D06000A9D4F9 /* UserDefaultsAPI.swift in Sources */ = {isa = PBXBuildFile; fileRef = 6B6D4F3B22D3D06000A9D4F9 /* UserDefaultsAPI.swift */; };
		6B6D4F3E22D3D06000A9D4F9 /* UserDefaultsAPI.swift in Sources */ = {isa = PBXBuildFile; fileRef = 6B6D4F3B22D3D06000A9D4F9 /* UserDefaultsAPI.swift */; };
		6B6D4F4022D3D0E000A9D4F9 /* InformationRepository.swift in Sources */ = {isa = PBXBuildFile; fileRef = 6B6D4F3F22D3D0E000A9D4F9 /* InformationRepository.swift */; };
		6B6D4F4122D3D0E000A9D4F9 /* InformationRepository.swift in Sources */ = {isa = PBXBuildFile; fileRef = 6B6D4F3F22D3D0E000A9D4F9 /* InformationRepository.swift */; };
		6B6D4F4222D3D0E000A9D4F9 /* InformationRepository.swift in Sources */ = {isa = PBXBuildFile; fileRef = 6B6D4F3F22D3D0E000A9D4F9 /* InformationRepository.swift */; };
		6B87C33A22BFD66B00803F7C /* AppDelegate.swift in Sources */ = {isa = PBXBuildFile; fileRef = 6B87C33922BFD66B00803F7C /* AppDelegate.swift */; };
		6B87C34222BFD66B00803F7C /* cuHacking.xcdatamodeld in Sources */ = {isa = PBXBuildFile; fileRef = 6B87C34022BFD66B00803F7C /* cuHacking.xcdatamodeld */; };
		6B87C34422BFD66C00803F7C /* Assets.xcassets in Resources */ = {isa = PBXBuildFile; fileRef = 6B87C34322BFD66C00803F7C /* Assets.xcassets */; };
		6B87C34722BFD66C00803F7C /* LaunchScreen.storyboard in Resources */ = {isa = PBXBuildFile; fileRef = 6B87C34522BFD66C00803F7C /* LaunchScreen.storyboard */; };
		6B87C35222BFD66C00803F7C /* cuHackingTests.swift in Sources */ = {isa = PBXBuildFile; fileRef = 6B87C35122BFD66C00803F7C /* cuHackingTests.swift */; };
		6B87C35D22BFD66C00803F7C /* cuHackingUITests.swift in Sources */ = {isa = PBXBuildFile; fileRef = 6B87C35C22BFD66C00803F7C /* cuHackingUITests.swift */; };
		6BA9AC4D22C3395E002DED45 /* GoogleService-Info.plist in Resources */ = {isa = PBXBuildFile; fileRef = 6BA9AC4C22C3395E002DED45 /* GoogleService-Info.plist */; };
		6BA9AC4E22C3395E002DED45 /* GoogleService-Info.plist in Resources */ = {isa = PBXBuildFile; fileRef = 6BA9AC4C22C3395E002DED45 /* GoogleService-Info.plist */; };
		6BA9AC4F22C3395E002DED45 /* GoogleService-Info.plist in Resources */ = {isa = PBXBuildFile; fileRef = 6BA9AC4C22C3395E002DED45 /* GoogleService-Info.plist */; };
		6BF9290822C6D18A00007616 /* CUView.swift in Sources */ = {isa = PBXBuildFile; fileRef = 6BF9290722C6D18A00007616 /* CUView.swift */; };
		6BF9290922C6D18A00007616 /* CUView.swift in Sources */ = {isa = PBXBuildFile; fileRef = 6BF9290722C6D18A00007616 /* CUView.swift */; };
		6BF9290A22C6D18A00007616 /* CUView.swift in Sources */ = {isa = PBXBuildFile; fileRef = 6BF9290722C6D18A00007616 /* CUView.swift */; };
		6BF9290C22C6D1B300007616 /* CUViewController.swift in Sources */ = {isa = PBXBuildFile; fileRef = 6BF9290B22C6D1B300007616 /* CUViewController.swift */; };
		6BF9290D22C6D1B300007616 /* CUViewController.swift in Sources */ = {isa = PBXBuildFile; fileRef = 6BF9290B22C6D1B300007616 /* CUViewController.swift */; };
		6BF9290E22C6D1B300007616 /* CUViewController.swift in Sources */ = {isa = PBXBuildFile; fileRef = 6BF9290B22C6D1B300007616 /* CUViewController.swift */; };
		6BF9291522C6F82E00007616 /* UINavigationController+Ext.swift in Sources */ = {isa = PBXBuildFile; fileRef = 6BF9291422C6F82E00007616 /* UINavigationController+Ext.swift */; };
		6BF9291622C6F82E00007616 /* UINavigationController+Ext.swift in Sources */ = {isa = PBXBuildFile; fileRef = 6BF9291422C6F82E00007616 /* UINavigationController+Ext.swift */; };
		6BF9291722C6F82E00007616 /* UINavigationController+Ext.swift in Sources */ = {isa = PBXBuildFile; fileRef = 6BF9291422C6F82E00007616 /* UINavigationController+Ext.swift */; };
		6BF9291922C6FB1900007616 /* SettingsViewController.swift in Sources */ = {isa = PBXBuildFile; fileRef = 6BF9291822C6FB1900007616 /* SettingsViewController.swift */; };
		6BF9291A22C6FB1900007616 /* SettingsViewController.swift in Sources */ = {isa = PBXBuildFile; fileRef = 6BF9291822C6FB1900007616 /* SettingsViewController.swift */; };
		6BF9291B22C6FB1900007616 /* SettingsViewController.swift in Sources */ = {isa = PBXBuildFile; fileRef = 6BF9291822C6FB1900007616 /* SettingsViewController.swift */; };
		6BFBDDBD22C7B3600085B854 /* UIView+Ext.swift in Sources */ = {isa = PBXBuildFile; fileRef = 6BFBDDBC22C7B3600085B854 /* UIView+Ext.swift */; };
		BDD80595B48CFB16E98BD11E /* Pods_cuHackingUITests.framework in Frameworks */ = {isa = PBXBuildFile; fileRef = 5F322B22A69B8DCF47972314 /* Pods_cuHackingUITests.framework */; };
		E576F870BF91C00349AE516B /* Pods_cuHackingTests.framework in Frameworks */ = {isa = PBXBuildFile; fileRef = 0E33A5714B5FA53FF9D079D3 /* Pods_cuHackingTests.framework */; };
/* End PBXBuildFile section */

/* Begin PBXContainerItemProxy section */
		6B87C34E22BFD66C00803F7C /* PBXContainerItemProxy */ = {
			isa = PBXContainerItemProxy;
			containerPortal = 6B87C32E22BFD66A00803F7C /* Project object */;
			proxyType = 1;
			remoteGlobalIDString = 6B87C33522BFD66A00803F7C;
			remoteInfo = cuHacking;
		};
		6B87C35922BFD66C00803F7C /* PBXContainerItemProxy */ = {
			isa = PBXContainerItemProxy;
			containerPortal = 6B87C32E22BFD66A00803F7C /* Project object */;
			proxyType = 1;
			remoteGlobalIDString = 6B87C33522BFD66A00803F7C;
			remoteInfo = cuHacking;
		};
/* End PBXContainerItemProxy section */

/* Begin PBXFileReference section */
		09F65A3562535E758EB86713 /* Pods-cuHackingTests.debug.xcconfig */ = {isa = PBXFileReference; includeInIndex = 1; lastKnownFileType = text.xcconfig; name = "Pods-cuHackingTests.debug.xcconfig"; path = "Pods/Target Support Files/Pods-cuHackingTests/Pods-cuHackingTests.debug.xcconfig"; sourceTree = "<group>"; };
		0E33A5714B5FA53FF9D079D3 /* Pods_cuHackingTests.framework */ = {isa = PBXFileReference; explicitFileType = wrapper.framework; includeInIndex = 0; path = Pods_cuHackingTests.framework; sourceTree = BUILT_PRODUCTS_DIR; };
		3116952C2E306727ACD47469 /* Pods-cuHackingTests.release.xcconfig */ = {isa = PBXFileReference; includeInIndex = 1; lastKnownFileType = text.xcconfig; name = "Pods-cuHackingTests.release.xcconfig"; path = "Pods/Target Support Files/Pods-cuHackingTests/Pods-cuHackingTests.release.xcconfig"; sourceTree = "<group>"; };
		4A720DF28097A6ADAA0FC136 /* Pods-cuHacking.debug.xcconfig */ = {isa = PBXFileReference; includeInIndex = 1; lastKnownFileType = text.xcconfig; name = "Pods-cuHacking.debug.xcconfig"; path = "Pods/Target Support Files/Pods-cuHacking/Pods-cuHacking.debug.xcconfig"; sourceTree = "<group>"; };
		5F322B22A69B8DCF47972314 /* Pods_cuHackingUITests.framework */ = {isa = PBXFileReference; explicitFileType = wrapper.framework; includeInIndex = 0; path = Pods_cuHackingUITests.framework; sourceTree = BUILT_PRODUCTS_DIR; };
		6B1B6AD722C7DC2E001E705D /* .mapbox */ = {isa = PBXFileReference; lastKnownFileType = text; name = .mapbox; path = ../.mapbox; sourceTree = "<group>"; };
		6B26322B22C6468B0034CA72 /* ProfileViewController.swift */ = {isa = PBXFileReference; lastKnownFileType = sourcecode.swift; path = ProfileViewController.swift; sourceTree = "<group>"; };
		6B26322F22C6514B0034CA72 /* QRScannerViewController.swift */ = {isa = PBXFileReference; lastKnownFileType = sourcecode.swift; path = QRScannerViewController.swift; sourceTree = "<group>"; };
		6B29894222C5C51300B1550C /* CUTabBarController.swift */ = {isa = PBXFileReference; lastKnownFileType = sourcecode.swift; path = CUTabBarController.swift; sourceTree = "<group>"; };
		6B29894422C5C5A300B1550C /* InformationViewController.swift */ = {isa = PBXFileReference; lastKnownFileType = sourcecode.swift; path = InformationViewController.swift; sourceTree = "<group>"; };
		6B29894622C5E08000B1550C /* Theme.swift */ = {isa = PBXFileReference; lastKnownFileType = sourcecode.swift; path = Theme.swift; sourceTree = "<group>"; };
		6B29894822C5E08900B1550C /* LightTheme.swift */ = {isa = PBXFileReference; lastKnownFileType = sourcecode.swift; path = LightTheme.swift; sourceTree = "<group>"; };
		6B29894A22C5E09000B1550C /* DarkTheme.swift */ = {isa = PBXFileReference; lastKnownFileType = sourcecode.swift; path = DarkTheme.swift; sourceTree = "<group>"; };
		6B29894E22C5E84200B1550C /* ScheduleViewController.swift */ = {isa = PBXFileReference; lastKnownFileType = sourcecode.swift; path = ScheduleViewController.swift; sourceTree = "<group>"; };
		6B29895022C5E86600B1550C /* MapViewController.swift */ = {isa = PBXFileReference; lastKnownFileType = sourcecode.swift; path = MapViewController.swift; sourceTree = "<group>"; };
		6B6AC21022CD527A00EAACDD /* SystemTheme.swift */ = {isa = PBXFileReference; lastKnownFileType = sourcecode.swift; path = SystemTheme.swift; sourceTree = "<group>"; };
		6B6D4F3722D3D03600A9D4F9 /* DashboardAPI.swift */ = {isa = PBXFileReference; lastKnownFileType = sourcecode.swift; path = DashboardAPI.swift; sourceTree = "<group>"; };
		6B6D4F3B22D3D06000A9D4F9 /* UserDefaultsAPI.swift */ = {isa = PBXFileReference; lastKnownFileType = sourcecode.swift; path = UserDefaultsAPI.swift; sourceTree = "<group>"; };
		6B6D4F3F22D3D0E000A9D4F9 /* InformationRepository.swift */ = {isa = PBXFileReference; lastKnownFileType = sourcecode.swift; path = InformationRepository.swift; sourceTree = "<group>"; };
		6B87C33622BFD66A00803F7C /* cuHacking.app */ = {isa = PBXFileReference; explicitFileType = wrapper.application; includeInIndex = 0; path = cuHacking.app; sourceTree = BUILT_PRODUCTS_DIR; };
		6B87C33922BFD66B00803F7C /* AppDelegate.swift */ = {isa = PBXFileReference; lastKnownFileType = sourcecode.swift; path = AppDelegate.swift; sourceTree = "<group>"; };
		6B87C34122BFD66B00803F7C /* cuHacking.xcdatamodel */ = {isa = PBXFileReference; lastKnownFileType = wrapper.xcdatamodel; path = cuHacking.xcdatamodel; sourceTree = "<group>"; };
		6B87C34322BFD66C00803F7C /* Assets.xcassets */ = {isa = PBXFileReference; lastKnownFileType = folder.assetcatalog; path = Assets.xcassets; sourceTree = "<group>"; };
		6B87C34622BFD66C00803F7C /* Base */ = {isa = PBXFileReference; lastKnownFileType = file.storyboard; name = Base; path = Base.lproj/LaunchScreen.storyboard; sourceTree = "<group>"; };
		6B87C34822BFD66C00803F7C /* Info.plist */ = {isa = PBXFileReference; lastKnownFileType = text.plist.xml; path = Info.plist; sourceTree = "<group>"; };
		6B87C34D22BFD66C00803F7C /* cuHackingTests.xctest */ = {isa = PBXFileReference; explicitFileType = wrapper.cfbundle; includeInIndex = 0; path = cuHackingTests.xctest; sourceTree = BUILT_PRODUCTS_DIR; };
		6B87C35122BFD66C00803F7C /* cuHackingTests.swift */ = {isa = PBXFileReference; lastKnownFileType = sourcecode.swift; path = cuHackingTests.swift; sourceTree = "<group>"; };
		6B87C35322BFD66C00803F7C /* Info.plist */ = {isa = PBXFileReference; lastKnownFileType = text.plist.xml; path = Info.plist; sourceTree = "<group>"; };
		6B87C35822BFD66C00803F7C /* cuHackingUITests.xctest */ = {isa = PBXFileReference; explicitFileType = wrapper.cfbundle; includeInIndex = 0; path = cuHackingUITests.xctest; sourceTree = BUILT_PRODUCTS_DIR; };
		6B87C35C22BFD66C00803F7C /* cuHackingUITests.swift */ = {isa = PBXFileReference; lastKnownFileType = sourcecode.swift; path = cuHackingUITests.swift; sourceTree = "<group>"; };
		6B87C35E22BFD66C00803F7C /* Info.plist */ = {isa = PBXFileReference; lastKnownFileType = text.plist.xml; path = Info.plist; sourceTree = "<group>"; };
		6BA9AC4C22C3395E002DED45 /* GoogleService-Info.plist */ = {isa = PBXFileReference; fileEncoding = 4; lastKnownFileType = text.plist.xml; path = "GoogleService-Info.plist"; sourceTree = "<group>"; };
		6BF9290722C6D18A00007616 /* CUView.swift */ = {isa = PBXFileReference; lastKnownFileType = sourcecode.swift; path = CUView.swift; sourceTree = "<group>"; };
		6BF9290B22C6D1B300007616 /* CUViewController.swift */ = {isa = PBXFileReference; lastKnownFileType = sourcecode.swift; path = CUViewController.swift; sourceTree = "<group>"; };
		6BF9291422C6F82E00007616 /* UINavigationController+Ext.swift */ = {isa = PBXFileReference; lastKnownFileType = sourcecode.swift; path = "UINavigationController+Ext.swift"; sourceTree = "<group>"; };
		6BF9291822C6FB1900007616 /* SettingsViewController.swift */ = {isa = PBXFileReference; lastKnownFileType = sourcecode.swift; path = SettingsViewController.swift; sourceTree = "<group>"; };
		6BFBDDBC22C7B3600085B854 /* UIView+Ext.swift */ = {isa = PBXFileReference; lastKnownFileType = sourcecode.swift; path = "UIView+Ext.swift"; sourceTree = "<group>"; };
		734046CDD543AF0012E6B6F5 /* Pods-cuHackingUITests.release.xcconfig */ = {isa = PBXFileReference; includeInIndex = 1; lastKnownFileType = text.xcconfig; name = "Pods-cuHackingUITests.release.xcconfig"; path = "Pods/Target Support Files/Pods-cuHackingUITests/Pods-cuHackingUITests.release.xcconfig"; sourceTree = "<group>"; };
		778790F16A9475AC8F68BE33 /* Pods-cuHacking.release.xcconfig */ = {isa = PBXFileReference; includeInIndex = 1; lastKnownFileType = text.xcconfig; name = "Pods-cuHacking.release.xcconfig"; path = "Pods/Target Support Files/Pods-cuHacking/Pods-cuHacking.release.xcconfig"; sourceTree = "<group>"; };
		7F439997403EF5F66C7289B4 /* Pods-cuHackingUITests.debug.xcconfig */ = {isa = PBXFileReference; includeInIndex = 1; lastKnownFileType = text.xcconfig; name = "Pods-cuHackingUITests.debug.xcconfig"; path = "Pods/Target Support Files/Pods-cuHackingUITests/Pods-cuHackingUITests.debug.xcconfig"; sourceTree = "<group>"; };
		828E3756A57D3757D4C74CA0 /* Pods_cuHacking.framework */ = {isa = PBXFileReference; explicitFileType = wrapper.framework; includeInIndex = 0; path = Pods_cuHacking.framework; sourceTree = BUILT_PRODUCTS_DIR; };
/* End PBXFileReference section */

/* Begin PBXFrameworksBuildPhase section */
		6B87C33322BFD66A00803F7C /* Frameworks */ = {
			isa = PBXFrameworksBuildPhase;
			buildActionMask = 2147483647;
			files = (
				0A45B4892DDA2A8664E3CA4C /* Pods_cuHacking.framework in Frameworks */,
			);
			runOnlyForDeploymentPostprocessing = 0;
		};
		6B87C34A22BFD66C00803F7C /* Frameworks */ = {
			isa = PBXFrameworksBuildPhase;
			buildActionMask = 2147483647;
			files = (
				E576F870BF91C00349AE516B /* Pods_cuHackingTests.framework in Frameworks */,
			);
			runOnlyForDeploymentPostprocessing = 0;
		};
		6B87C35522BFD66C00803F7C /* Frameworks */ = {
			isa = PBXFrameworksBuildPhase;
			buildActionMask = 2147483647;
			files = (
				BDD80595B48CFB16E98BD11E /* Pods_cuHackingUITests.framework in Frameworks */,
			);
			runOnlyForDeploymentPostprocessing = 0;
		};
/* End PBXFrameworksBuildPhase section */

/* Begin PBXGroup section */
		6B29893022C5A7C900B1550C /* Information */ = {
			isa = PBXGroup;
			children = (
				6B29893122C5A7F800B1550C /* Data */,
				6B29893222C5A80300B1550C /* Domain */,
				6B29893322C5A81B00B1550C /* UI */,
			);
			path = Information;
			sourceTree = "<group>";
		};
		6B29893122C5A7F800B1550C /* Data */ = {
			isa = PBXGroup;
			children = (
				6B6D4F3F22D3D0E000A9D4F9 /* InformationRepository.swift */,
			);
			path = Data;
			sourceTree = "<group>";
		};
		6B29893222C5A80300B1550C /* Domain */ = {
			isa = PBXGroup;
			children = (
			);
			path = Domain;
			sourceTree = "<group>";
		};
		6B29893322C5A81B00B1550C /* UI */ = {
			isa = PBXGroup;
			children = (
				6B29894422C5C5A300B1550C /* InformationViewController.swift */,
			);
			path = UI;
			sourceTree = "<group>";
		};
		6B29893422C5A85000B1550C /* Schedule */ = {
			isa = PBXGroup;
			children = (
				6B29893722C5A86600B1550C /* Data */,
				6B29893622C5A86000B1550C /* Domain */,
				6B29893522C5A85B00B1550C /* UI */,
			);
			path = Schedule;
			sourceTree = "<group>";
		};
		6B29893522C5A85B00B1550C /* UI */ = {
			isa = PBXGroup;
			children = (
				6B29894E22C5E84200B1550C /* ScheduleViewController.swift */,
			);
			path = UI;
			sourceTree = "<group>";
		};
		6B29893622C5A86000B1550C /* Domain */ = {
			isa = PBXGroup;
			children = (
			);
			path = Domain;
			sourceTree = "<group>";
		};
		6B29893722C5A86600B1550C /* Data */ = {
			isa = PBXGroup;
			children = (
			);
			path = Data;
			sourceTree = "<group>";
		};
		6B29893822C5A8DD00B1550C /* Map */ = {
			isa = PBXGroup;
			children = (
				6B29895022C5E86600B1550C /* MapViewController.swift */,
			);
			path = Map;
			sourceTree = "<group>";
		};
		6B29893922C5A90A00B1550C /* Profile */ = {
			isa = PBXGroup;
			children = (
				6B29893D22C5A98A00B1550C /* Data */,
				6B29893B22C5A98A00B1550C /* Domain */,
				6B29893C22C5A98A00B1550C /* UI */,
			);
			path = Profile;
			sourceTree = "<group>";
		};
		6B29893A22C5A92D00B1550C /* QRScanner */ = {
			isa = PBXGroup;
			children = (
				6B26322F22C6514B0034CA72 /* QRScannerViewController.swift */,
			);
			path = QRScanner;
			sourceTree = "<group>";
		};
		6B29893B22C5A98A00B1550C /* Domain */ = {
			isa = PBXGroup;
			children = (
			);
			path = Domain;
			sourceTree = "<group>";
		};
		6B29893C22C5A98A00B1550C /* UI */ = {
			isa = PBXGroup;
			children = (
				6B26322B22C6468B0034CA72 /* ProfileViewController.swift */,
			);
			path = UI;
			sourceTree = "<group>";
		};
		6B29893D22C5A98A00B1550C /* Data */ = {
			isa = PBXGroup;
			children = (
			);
			path = Data;
			sourceTree = "<group>";
		};
		6B29893E22C5AA5900B1550C /* Data */ = {
			isa = PBXGroup;
			children = (
				6B6D4F3722D3D03600A9D4F9 /* DashboardAPI.swift */,
				6B6D4F3B22D3D06000A9D4F9 /* UserDefaultsAPI.swift */,
			);
			path = Data;
			sourceTree = "<group>";
		};
		6B29893F22C5AA7300B1550C /* UI */ = {
			isa = PBXGroup;
			children = (
				6BF9290F22C6D1E000007616 /* Theme */,
				6B29894222C5C51300B1550C /* CUTabBarController.swift */,
				6BF9290722C6D18A00007616 /* CUView.swift */,
				6BF9290B22C6D1B300007616 /* CUViewController.swift */,
			);
			path = UI;
			sourceTree = "<group>";
		};
		6B29894022C5AAC200B1550C /* Extensions  */ = {
			isa = PBXGroup;
			children = (
				6BF9291422C6F82E00007616 /* UINavigationController+Ext.swift */,
				6BFBDDBC22C7B3600085B854 /* UIView+Ext.swift */,
			);
			path = "Extensions ";
			sourceTree = "<group>";
		};
		6B29894122C5AC0B00B1550C /* Settings */ = {
			isa = PBXGroup;
			children = (
				6BF9291822C6FB1900007616 /* SettingsViewController.swift */,
			);
			path = Settings;
			sourceTree = "<group>";
		};
		6B87C32D22BFD66A00803F7C = {
			isa = PBXGroup;
			children = (
				6B87C33822BFD66A00803F7C /* cuHacking */,
				6B87C35022BFD66C00803F7C /* cuHackingTests */,
				6B87C35B22BFD66C00803F7C /* cuHackingUITests */,
				6B87C33722BFD66A00803F7C /* Products */,
				F89C81E1F36AC0DF2C28E7E8 /* Pods */,
				720AB5A793EECF45A35834AB /* Frameworks */,
			);
			sourceTree = "<group>";
		};
		6B87C33722BFD66A00803F7C /* Products */ = {
			isa = PBXGroup;
			children = (
				6B87C33622BFD66A00803F7C /* cuHacking.app */,
				6B87C34D22BFD66C00803F7C /* cuHackingTests.xctest */,
				6B87C35822BFD66C00803F7C /* cuHackingUITests.xctest */,
			);
			name = Products;
			sourceTree = "<group>";
		};
		6B87C33822BFD66A00803F7C /* cuHacking */ = {
			isa = PBXGroup;
			children = (
				6B29893022C5A7C900B1550C /* Information */,
				6B29893A22C5A92D00B1550C /* QRScanner */,
				6B29893922C5A90A00B1550C /* Profile */,
				6B29893822C5A8DD00B1550C /* Map */,
				6B29893422C5A85000B1550C /* Schedule */,
				6B29894122C5AC0B00B1550C /* Settings */,
				6B29893F22C5AA7300B1550C /* UI */,
				6B29893E22C5AA5900B1550C /* Data */,
				6B29894022C5AAC200B1550C /* Extensions  */,
				6BA9AC4C22C3395E002DED45 /* GoogleService-Info.plist */,
				6B1B6AD722C7DC2E001E705D /* .mapbox */,
				6B87C33922BFD66B00803F7C /* AppDelegate.swift */,
				6B87C34322BFD66C00803F7C /* Assets.xcassets */,
				6B87C34522BFD66C00803F7C /* LaunchScreen.storyboard */,
				6B87C34822BFD66C00803F7C /* Info.plist */,
				6B87C34022BFD66B00803F7C /* cuHacking.xcdatamodeld */,
			);
			path = cuHacking;
			sourceTree = "<group>";
		};
		6B87C35022BFD66C00803F7C /* cuHackingTests */ = {
			isa = PBXGroup;
			children = (
				6B87C35122BFD66C00803F7C /* cuHackingTests.swift */,
				6B87C35322BFD66C00803F7C /* Info.plist */,
			);
			path = cuHackingTests;
			sourceTree = "<group>";
		};
		6B87C35B22BFD66C00803F7C /* cuHackingUITests */ = {
			isa = PBXGroup;
			children = (
				6B87C35C22BFD66C00803F7C /* cuHackingUITests.swift */,
				6B87C35E22BFD66C00803F7C /* Info.plist */,
			);
			path = cuHackingUITests;
			sourceTree = "<group>";
		};
		6BF9290F22C6D1E000007616 /* Theme */ = {
			isa = PBXGroup;
			children = (
				6B29894622C5E08000B1550C /* Theme.swift */,
				6B29894822C5E08900B1550C /* LightTheme.swift */,
				6B6AC21022CD527A00EAACDD /* SystemTheme.swift */,
				6B29894A22C5E09000B1550C /* DarkTheme.swift */,
			);
			path = Theme;
			sourceTree = "<group>";
		};
		720AB5A793EECF45A35834AB /* Frameworks */ = {
			isa = PBXGroup;
			children = (
				828E3756A57D3757D4C74CA0 /* Pods_cuHacking.framework */,
				0E33A5714B5FA53FF9D079D3 /* Pods_cuHackingTests.framework */,
				5F322B22A69B8DCF47972314 /* Pods_cuHackingUITests.framework */,
			);
			name = Frameworks;
			sourceTree = "<group>";
		};
		F89C81E1F36AC0DF2C28E7E8 /* Pods */ = {
			isa = PBXGroup;
			children = (
				4A720DF28097A6ADAA0FC136 /* Pods-cuHacking.debug.xcconfig */,
				778790F16A9475AC8F68BE33 /* Pods-cuHacking.release.xcconfig */,
				09F65A3562535E758EB86713 /* Pods-cuHackingTests.debug.xcconfig */,
				3116952C2E306727ACD47469 /* Pods-cuHackingTests.release.xcconfig */,
				7F439997403EF5F66C7289B4 /* Pods-cuHackingUITests.debug.xcconfig */,
				734046CDD543AF0012E6B6F5 /* Pods-cuHackingUITests.release.xcconfig */,
			);
			name = Pods;
			sourceTree = "<group>";
		};
/* End PBXGroup section */

/* Begin PBXNativeTarget section */
		6B87C33522BFD66A00803F7C /* cuHacking */ = {
			isa = PBXNativeTarget;
			buildConfigurationList = 6B87C36122BFD66C00803F7C /* Build configuration list for PBXNativeTarget "cuHacking" */;
			buildPhases = (
				13364F6450796C9EA7078C8A /* [CP] Check Pods Manifest.lock */,
				6B87C33222BFD66A00803F7C /* Sources */,
				6B87C33322BFD66A00803F7C /* Frameworks */,
				6B87C33422BFD66A00803F7C /* Resources */,
				8098661F61D725A22E123979 /* [CP] Embed Pods Frameworks */,
				6B1B6AD922C833F5001E705D /* ShellScript */,
				6BF9292022C7251800007616 /* ShellScript */,
			);
			buildRules = (
			);
			dependencies = (
			);
			name = cuHacking;
			productName = cuHacking;
			productReference = 6B87C33622BFD66A00803F7C /* cuHacking.app */;
			productType = "com.apple.product-type.application";
		};
		6B87C34C22BFD66C00803F7C /* cuHackingTests */ = {
			isa = PBXNativeTarget;
			buildConfigurationList = 6B87C36422BFD66C00803F7C /* Build configuration list for PBXNativeTarget "cuHackingTests" */;
			buildPhases = (
				D371D24F23E4D8A9909D4268 /* [CP] Check Pods Manifest.lock */,
				6B87C34922BFD66C00803F7C /* Sources */,
				6B87C34A22BFD66C00803F7C /* Frameworks */,
				6B87C34B22BFD66C00803F7C /* Resources */,
				B1D560B58B674A036431BB2E /* [CP] Embed Pods Frameworks */,
			);
			buildRules = (
			);
			dependencies = (
				6B87C34F22BFD66C00803F7C /* PBXTargetDependency */,
			);
			name = cuHackingTests;
			productName = cuHackingTests;
			productReference = 6B87C34D22BFD66C00803F7C /* cuHackingTests.xctest */;
			productType = "com.apple.product-type.bundle.unit-test";
		};
		6B87C35722BFD66C00803F7C /* cuHackingUITests */ = {
			isa = PBXNativeTarget;
			buildConfigurationList = 6B87C36722BFD66C00803F7C /* Build configuration list for PBXNativeTarget "cuHackingUITests" */;
			buildPhases = (
				ED2D8F4F91B98A21069F1613 /* [CP] Check Pods Manifest.lock */,
				6B87C35422BFD66C00803F7C /* Sources */,
				6B87C35522BFD66C00803F7C /* Frameworks */,
				6B87C35622BFD66C00803F7C /* Resources */,
				A55A307F7AE61BCE87A65B68 /* [CP] Embed Pods Frameworks */,
			);
			buildRules = (
			);
			dependencies = (
				6B87C35A22BFD66C00803F7C /* PBXTargetDependency */,
			);
			name = cuHackingUITests;
			productName = cuHackingUITests;
			productReference = 6B87C35822BFD66C00803F7C /* cuHackingUITests.xctest */;
			productType = "com.apple.product-type.bundle.ui-testing";
		};
/* End PBXNativeTarget section */

/* Begin PBXProject section */
		6B87C32E22BFD66A00803F7C /* Project object */ = {
			isa = PBXProject;
			attributes = {
				LastSwiftUpdateCheck = 1020;
				LastUpgradeCheck = 1020;
				ORGANIZATIONNAME = cuHacking;
				TargetAttributes = {
					6B87C33522BFD66A00803F7C = {
						CreatedOnToolsVersion = 10.2.1;
					};
					6B87C34C22BFD66C00803F7C = {
						CreatedOnToolsVersion = 10.2.1;
						TestTargetID = 6B87C33522BFD66A00803F7C;
					};
					6B87C35722BFD66C00803F7C = {
						CreatedOnToolsVersion = 10.2.1;
						TestTargetID = 6B87C33522BFD66A00803F7C;
					};
				};
			};
			buildConfigurationList = 6B87C33122BFD66A00803F7C /* Build configuration list for PBXProject "cuHacking" */;
			compatibilityVersion = "Xcode 9.3";
			developmentRegion = en;
			hasScannedForEncodings = 0;
			knownRegions = (
				en,
				Base,
			);
			mainGroup = 6B87C32D22BFD66A00803F7C;
			productRefGroup = 6B87C33722BFD66A00803F7C /* Products */;
			projectDirPath = "";
			projectRoot = "";
			targets = (
				6B87C33522BFD66A00803F7C /* cuHacking */,
				6B87C34C22BFD66C00803F7C /* cuHackingTests */,
				6B87C35722BFD66C00803F7C /* cuHackingUITests */,
			);
		};
/* End PBXProject section */

/* Begin PBXResourcesBuildPhase section */
		6B87C33422BFD66A00803F7C /* Resources */ = {
			isa = PBXResourcesBuildPhase;
			buildActionMask = 2147483647;
			files = (
				6B1B6AD822C7DC2E001E705D /* .mapbox in Resources */,
				6B87C34722BFD66C00803F7C /* LaunchScreen.storyboard in Resources */,
				6BA9AC4D22C3395E002DED45 /* GoogleService-Info.plist in Resources */,
				6B87C34422BFD66C00803F7C /* Assets.xcassets in Resources */,
			);
			runOnlyForDeploymentPostprocessing = 0;
		};
		6B87C34B22BFD66C00803F7C /* Resources */ = {
			isa = PBXResourcesBuildPhase;
			buildActionMask = 2147483647;
			files = (
				6B29894C22C5E28300B1550C /* Assets.xcassets in Resources */,
				6BA9AC4E22C3395E002DED45 /* GoogleService-Info.plist in Resources */,
			);
			runOnlyForDeploymentPostprocessing = 0;
		};
		6B87C35622BFD66C00803F7C /* Resources */ = {
			isa = PBXResourcesBuildPhase;
			buildActionMask = 2147483647;
			files = (
				6B29894D22C5E28300B1550C /* Assets.xcassets in Resources */,
				6BA9AC4F22C3395E002DED45 /* GoogleService-Info.plist in Resources */,
			);
			runOnlyForDeploymentPostprocessing = 0;
		};
/* End PBXResourcesBuildPhase section */

/* Begin PBXShellScriptBuildPhase section */
		13364F6450796C9EA7078C8A /* [CP] Check Pods Manifest.lock */ = {
			isa = PBXShellScriptBuildPhase;
			buildActionMask = 2147483647;
			files = (
			);
			inputPaths = (
				"${PODS_PODFILE_DIR_PATH}/Podfile.lock",
				"${PODS_ROOT}/Manifest.lock",
			);
			name = "[CP] Check Pods Manifest.lock";
			outputPaths = (
				"$(DERIVED_FILE_DIR)/Pods-cuHacking-checkManifestLockResult.txt",
			);
			runOnlyForDeploymentPostprocessing = 0;
			shellPath = /bin/sh;
			shellScript = "diff \"${PODS_PODFILE_DIR_PATH}/Podfile.lock\" \"${PODS_ROOT}/Manifest.lock\" > /dev/null\nif [ $? != 0 ] ; then\n    # print error to STDERR\n    echo \"error: The sandbox is not in sync with the Podfile.lock. Run 'pod install' or update your CocoaPods installation.\" >&2\n    exit 1\nfi\n# This output is used by Xcode 'outputs' to avoid re-running this script phase.\necho \"SUCCESS\" > \"${SCRIPT_OUTPUT_FILE_0}\"\n";
			showEnvVarsInLog = 0;
		};
		6B1B6AD922C833F5001E705D /* ShellScript */ = {
			isa = PBXShellScriptBuildPhase;
			buildActionMask = 2147483647;
			files = (
			);
			inputFileListPaths = (
			);
			inputPaths = (
			);
			outputFileListPaths = (
			);
			outputPaths = (
			);
			runOnlyForDeploymentPostprocessing = 0;
			shellPath = /bin/sh;
			shellScript = "# Type a script or drag a script file from your workspace to insert its path.\n\"${PODS_ROOT}/Fabric/run\"\n";
		};
		6BF9292022C7251800007616 /* ShellScript */ = {
			isa = PBXShellScriptBuildPhase;
			buildActionMask = 12;
			files = (
			);
			inputPaths = (
				"$(SRCROOT)/$(TARGET_BUILD_DIR)/$(INFOPLIST_PATH)",
			);
			outputPaths = (
			);
			runOnlyForDeploymentPostprocessing = 0;
			shellPath = /bin/sh;
			shellScript = "# Look for a global file named 'mapbox' or '.mapbox' within the home directory\n# token_file=.mapbox\n# token_file2=mapbox\n# token=\"$(cat $token_file 2>/dev/null || cat $token_file2 2>/dev/null)\"\n# if [ \"$token\" ]; then\n# plutil -replace MGLMapboxAccessToken -string $token \"$TARGET_BUILD_DIR/$INFOPLIST_PATH\"\n# else\n# echo 'warning: Missing Mapbox access token'\n# open 'https://www.mapbox.com/account/access-tokens/'\n# echo \"warning: Get an access token from <https://www.mapbox.com/account/access-tokens/>, then create a new file at $token_file or $token_file2 that contains the access token.\"\n# fi\n";
		};
		8098661F61D725A22E123979 /* [CP] Embed Pods Frameworks */ = {
			isa = PBXShellScriptBuildPhase;
			buildActionMask = 2147483647;
			files = (
			);
			inputPaths = (
				"${SRCROOT}/Pods/Target Support Files/Pods-cuHacking/Pods-cuHacking-frameworks.sh",
				"${BUILT_PRODUCTS_DIR}/GoogleUtilities/GoogleUtilities.framework",
				"${PODS_ROOT}/Mapbox-iOS-SDK/dynamic/Mapbox.framework",
				"${PODS_ROOT}/Mapbox-iOS-SDK/dynamic/Mapbox.framework.dSYM",
				"${BUILT_PRODUCTS_DIR}/nanopb/nanopb.framework",
			);
			name = "[CP] Embed Pods Frameworks";
			outputPaths = (
				"${TARGET_BUILD_DIR}/${FRAMEWORKS_FOLDER_PATH}/GoogleUtilities.framework",
				"${TARGET_BUILD_DIR}/${FRAMEWORKS_FOLDER_PATH}/Mapbox.framework",
				"${DWARF_DSYM_FOLDER_PATH}/Mapbox.framework.dSYM",
				"${TARGET_BUILD_DIR}/${FRAMEWORKS_FOLDER_PATH}/nanopb.framework",
			);
			runOnlyForDeploymentPostprocessing = 0;
			shellPath = /bin/sh;
			shellScript = "\"${SRCROOT}/Pods/Target Support Files/Pods-cuHacking/Pods-cuHacking-frameworks.sh\"\n";
			showEnvVarsInLog = 0;
		};
		A55A307F7AE61BCE87A65B68 /* [CP] Embed Pods Frameworks */ = {
			isa = PBXShellScriptBuildPhase;
			buildActionMask = 2147483647;
			files = (
			);
			inputPaths = (
				"${SRCROOT}/Pods/Target Support Files/Pods-cuHackingUITests/Pods-cuHackingUITests-frameworks.sh",
				"${BUILT_PRODUCTS_DIR}/GoogleUtilities/GoogleUtilities.framework",
				"${PODS_ROOT}/Mapbox-iOS-SDK/dynamic/Mapbox.framework",
				"${PODS_ROOT}/Mapbox-iOS-SDK/dynamic/Mapbox.framework.dSYM",
				"${BUILT_PRODUCTS_DIR}/nanopb/nanopb.framework",
			);
			name = "[CP] Embed Pods Frameworks";
			outputPaths = (
				"${TARGET_BUILD_DIR}/${FRAMEWORKS_FOLDER_PATH}/GoogleUtilities.framework",
				"${TARGET_BUILD_DIR}/${FRAMEWORKS_FOLDER_PATH}/Mapbox.framework",
				"${DWARF_DSYM_FOLDER_PATH}/Mapbox.framework.dSYM",
				"${TARGET_BUILD_DIR}/${FRAMEWORKS_FOLDER_PATH}/nanopb.framework",
			);
			runOnlyForDeploymentPostprocessing = 0;
			shellPath = /bin/sh;
			shellScript = "\"${SRCROOT}/Pods/Target Support Files/Pods-cuHackingUITests/Pods-cuHackingUITests-frameworks.sh\"\n";
			showEnvVarsInLog = 0;
		};
		B1D560B58B674A036431BB2E /* [CP] Embed Pods Frameworks */ = {
			isa = PBXShellScriptBuildPhase;
			buildActionMask = 2147483647;
			files = (
			);
			inputPaths = (
				"${SRCROOT}/Pods/Target Support Files/Pods-cuHackingTests/Pods-cuHackingTests-frameworks.sh",
				"${BUILT_PRODUCTS_DIR}/GoogleUtilities/GoogleUtilities.framework",
				"${PODS_ROOT}/Mapbox-iOS-SDK/dynamic/Mapbox.framework",
				"${PODS_ROOT}/Mapbox-iOS-SDK/dynamic/Mapbox.framework.dSYM",
				"${BUILT_PRODUCTS_DIR}/nanopb/nanopb.framework",
			);
			name = "[CP] Embed Pods Frameworks";
			outputPaths = (
				"${TARGET_BUILD_DIR}/${FRAMEWORKS_FOLDER_PATH}/GoogleUtilities.framework",
				"${TARGET_BUILD_DIR}/${FRAMEWORKS_FOLDER_PATH}/Mapbox.framework",
				"${DWARF_DSYM_FOLDER_PATH}/Mapbox.framework.dSYM",
				"${TARGET_BUILD_DIR}/${FRAMEWORKS_FOLDER_PATH}/nanopb.framework",
			);
			runOnlyForDeploymentPostprocessing = 0;
			shellPath = /bin/sh;
			shellScript = "\"${SRCROOT}/Pods/Target Support Files/Pods-cuHackingTests/Pods-cuHackingTests-frameworks.sh\"\n";
			showEnvVarsInLog = 0;
		};
		D371D24F23E4D8A9909D4268 /* [CP] Check Pods Manifest.lock */ = {
			isa = PBXShellScriptBuildPhase;
			buildActionMask = 2147483647;
			files = (
			);
			inputPaths = (
				"${PODS_PODFILE_DIR_PATH}/Podfile.lock",
				"${PODS_ROOT}/Manifest.lock",
			);
			name = "[CP] Check Pods Manifest.lock";
			outputPaths = (
				"$(DERIVED_FILE_DIR)/Pods-cuHackingTests-checkManifestLockResult.txt",
			);
			runOnlyForDeploymentPostprocessing = 0;
			shellPath = /bin/sh;
			shellScript = "diff \"${PODS_PODFILE_DIR_PATH}/Podfile.lock\" \"${PODS_ROOT}/Manifest.lock\" > /dev/null\nif [ $? != 0 ] ; then\n    # print error to STDERR\n    echo \"error: The sandbox is not in sync with the Podfile.lock. Run 'pod install' or update your CocoaPods installation.\" >&2\n    exit 1\nfi\n# This output is used by Xcode 'outputs' to avoid re-running this script phase.\necho \"SUCCESS\" > \"${SCRIPT_OUTPUT_FILE_0}\"\n";
			showEnvVarsInLog = 0;
		};
		ED2D8F4F91B98A21069F1613 /* [CP] Check Pods Manifest.lock */ = {
			isa = PBXShellScriptBuildPhase;
			buildActionMask = 2147483647;
			files = (
			);
			inputPaths = (
				"${PODS_PODFILE_DIR_PATH}/Podfile.lock",
				"${PODS_ROOT}/Manifest.lock",
			);
			name = "[CP] Check Pods Manifest.lock";
			outputPaths = (
				"$(DERIVED_FILE_DIR)/Pods-cuHackingUITests-checkManifestLockResult.txt",
			);
			runOnlyForDeploymentPostprocessing = 0;
			shellPath = /bin/sh;
			shellScript = "diff \"${PODS_PODFILE_DIR_PATH}/Podfile.lock\" \"${PODS_ROOT}/Manifest.lock\" > /dev/null\nif [ $? != 0 ] ; then\n    # print error to STDERR\n    echo \"error: The sandbox is not in sync with the Podfile.lock. Run 'pod install' or update your CocoaPods installation.\" >&2\n    exit 1\nfi\n# This output is used by Xcode 'outputs' to avoid re-running this script phase.\necho \"SUCCESS\" > \"${SCRIPT_OUTPUT_FILE_0}\"\n";
			showEnvVarsInLog = 0;
		};
/* End PBXShellScriptBuildPhase section */

/* Begin PBXSourcesBuildPhase section */
		6B87C33222BFD66A00803F7C /* Sources */ = {
			isa = PBXSourcesBuildPhase;
			buildActionMask = 2147483647;
			files = (
				6BFBDDBD22C7B3600085B854 /* UIView+Ext.swift in Sources */,
				6BF9290C22C6D1B300007616 /* CUViewController.swift in Sources */,
				6B87C33A22BFD66B00803F7C /* AppDelegate.swift in Sources */,
				6B87C34222BFD66B00803F7C /* cuHacking.xcdatamodeld in Sources */,
				6B29895122C5E86600B1550C /* MapViewController.swift in Sources */,
				6B6D4F3822D3D03600A9D4F9 /* DashboardAPI.swift in Sources */,
				6B29894F22C5E84200B1550C /* ScheduleViewController.swift in Sources */,
				6B29894722C5E08000B1550C /* Theme.swift in Sources */,
				6BF9291922C6FB1900007616 /* SettingsViewController.swift in Sources */,
				6B26322C22C6468B0034CA72 /* ProfileViewController.swift in Sources */,
				6BF9291522C6F82E00007616 /* UINavigationController+Ext.swift in Sources */,
				6B6AC21122CD527A00EAACDD /* SystemTheme.swift in Sources */,
				6B29894322C5C51300B1550C /* CUTabBarController.swift in Sources */,
				6B26323022C6514B0034CA72 /* QRScannerViewController.swift in Sources */,
				6BF9290822C6D18A00007616 /* CUView.swift in Sources */,
				6B6D4F3C22D3D06000A9D4F9 /* UserDefaultsAPI.swift in Sources */,
				6B6D4F4022D3D0E000A9D4F9 /* InformationRepository.swift in Sources */,
				6B29894922C5E08900B1550C /* LightTheme.swift in Sources */,
				6B29894522C5C5A300B1550C /* InformationViewController.swift in Sources */,
				6B29894B22C5E09000B1550C /* DarkTheme.swift in Sources */,
			);
			runOnlyForDeploymentPostprocessing = 0;
		};
		6B87C34922BFD66C00803F7C /* Sources */ = {
			isa = PBXSourcesBuildPhase;
			buildActionMask = 2147483647;
			files = (
				6BF9290D22C6D1B300007616 /* CUViewController.swift in Sources */,
				6BF9290922C6D18A00007616 /* CUView.swift in Sources */,
				6BF9291622C6F82E00007616 /* UINavigationController+Ext.swift in Sources */,
				6B26322D22C6468B0034CA72 /* ProfileViewController.swift in Sources */,
				6B87C35222BFD66C00803F7C /* cuHackingTests.swift in Sources */,
				6B6AC21222CD527A00EAACDD /* SystemTheme.swift in Sources */,
				6B6D4F4122D3D0E000A9D4F9 /* InformationRepository.swift in Sources */,
				6BF9291A22C6FB1900007616 /* SettingsViewController.swift in Sources */,
				6B6D4F3D22D3D06000A9D4F9 /* UserDefaultsAPI.swift in Sources */,
				6B6D4F3922D3D03600A9D4F9 /* DashboardAPI.swift in Sources */,
			);
			runOnlyForDeploymentPostprocessing = 0;
		};
		6B87C35422BFD66C00803F7C /* Sources */ = {
			isa = PBXSourcesBuildPhase;
			buildActionMask = 2147483647;
			files = (
				6BF9290E22C6D1B300007616 /* CUViewController.swift in Sources */,
				6BF9290A22C6D18A00007616 /* CUView.swift in Sources */,
				6BF9291722C6F82E00007616 /* UINavigationController+Ext.swift in Sources */,
				6B26322E22C6468B0034CA72 /* ProfileViewController.swift in Sources */,
				6B87C35D22BFD66C00803F7C /* cuHackingUITests.swift in Sources */,
				6B6AC21322CD527A00EAACDD /* SystemTheme.swift in Sources */,
				6B6D4F4222D3D0E000A9D4F9 /* InformationRepository.swift in Sources */,
				6BF9291B22C6FB1900007616 /* SettingsViewController.swift in Sources */,
				6B6D4F3E22D3D06000A9D4F9 /* UserDefaultsAPI.swift in Sources */,
				6B6D4F3A22D3D03600A9D4F9 /* DashboardAPI.swift in Sources */,
			);
			runOnlyForDeploymentPostprocessing = 0;
		};
/* End PBXSourcesBuildPhase section */

/* Begin PBXTargetDependency section */
		6B87C34F22BFD66C00803F7C /* PBXTargetDependency */ = {
			isa = PBXTargetDependency;
			target = 6B87C33522BFD66A00803F7C /* cuHacking */;
			targetProxy = 6B87C34E22BFD66C00803F7C /* PBXContainerItemProxy */;
		};
		6B87C35A22BFD66C00803F7C /* PBXTargetDependency */ = {
			isa = PBXTargetDependency;
			target = 6B87C33522BFD66A00803F7C /* cuHacking */;
			targetProxy = 6B87C35922BFD66C00803F7C /* PBXContainerItemProxy */;
		};
/* End PBXTargetDependency section */

/* Begin PBXVariantGroup section */
		6B87C34522BFD66C00803F7C /* LaunchScreen.storyboard */ = {
			isa = PBXVariantGroup;
			children = (
				6B87C34622BFD66C00803F7C /* Base */,
			);
			name = LaunchScreen.storyboard;
			sourceTree = "<group>";
		};
/* End PBXVariantGroup section */

/* Begin XCBuildConfiguration section */
		6B87C35F22BFD66C00803F7C /* Debug */ = {
			isa = XCBuildConfiguration;
			buildSettings = {
				ALWAYS_SEARCH_USER_PATHS = NO;
				CLANG_ANALYZER_NONNULL = YES;
				CLANG_ANALYZER_NUMBER_OBJECT_CONVERSION = YES_AGGRESSIVE;
				CLANG_CXX_LANGUAGE_STANDARD = "gnu++14";
				CLANG_CXX_LIBRARY = "libc++";
				CLANG_ENABLE_MODULES = YES;
				CLANG_ENABLE_OBJC_ARC = YES;
				CLANG_ENABLE_OBJC_WEAK = YES;
				CLANG_WARN_BLOCK_CAPTURE_AUTORELEASING = YES;
				CLANG_WARN_BOOL_CONVERSION = YES;
				CLANG_WARN_COMMA = YES;
				CLANG_WARN_CONSTANT_CONVERSION = YES;
				CLANG_WARN_DEPRECATED_OBJC_IMPLEMENTATIONS = YES;
				CLANG_WARN_DIRECT_OBJC_ISA_USAGE = YES_ERROR;
				CLANG_WARN_DOCUMENTATION_COMMENTS = YES;
				CLANG_WARN_EMPTY_BODY = YES;
				CLANG_WARN_ENUM_CONVERSION = YES;
				CLANG_WARN_INFINITE_RECURSION = YES;
				CLANG_WARN_INT_CONVERSION = YES;
				CLANG_WARN_NON_LITERAL_NULL_CONVERSION = YES;
				CLANG_WARN_OBJC_IMPLICIT_RETAIN_SELF = YES;
				CLANG_WARN_OBJC_LITERAL_CONVERSION = YES;
				CLANG_WARN_OBJC_ROOT_CLASS = YES_ERROR;
				CLANG_WARN_RANGE_LOOP_ANALYSIS = YES;
				CLANG_WARN_STRICT_PROTOTYPES = YES;
				CLANG_WARN_SUSPICIOUS_MOVE = YES;
				CLANG_WARN_UNGUARDED_AVAILABILITY = YES_AGGRESSIVE;
				CLANG_WARN_UNREACHABLE_CODE = YES;
				CLANG_WARN__DUPLICATE_METHOD_MATCH = YES;
				CODE_SIGN_IDENTITY = "iPhone Developer";
				COPY_PHASE_STRIP = NO;
				DEBUG_INFORMATION_FORMAT = dwarf;
				ENABLE_STRICT_OBJC_MSGSEND = YES;
				ENABLE_TESTABILITY = YES;
				GCC_C_LANGUAGE_STANDARD = gnu11;
				GCC_DYNAMIC_NO_PIC = NO;
				GCC_NO_COMMON_BLOCKS = YES;
				GCC_OPTIMIZATION_LEVEL = 0;
				GCC_PREPROCESSOR_DEFINITIONS = (
					"DEBUG=1",
					"$(inherited)",
				);
				GCC_WARN_64_TO_32_BIT_CONVERSION = YES;
				GCC_WARN_ABOUT_RETURN_TYPE = YES_ERROR;
				GCC_WARN_UNDECLARED_SELECTOR = YES;
				GCC_WARN_UNINITIALIZED_AUTOS = YES_AGGRESSIVE;
				GCC_WARN_UNUSED_FUNCTION = YES;
				GCC_WARN_UNUSED_VARIABLE = YES;
				IPHONEOS_DEPLOYMENT_TARGET = 12.1;
				MTL_ENABLE_DEBUG_INFO = INCLUDE_SOURCE;
				MTL_FAST_MATH = YES;
				ONLY_ACTIVE_ARCH = YES;
				SDKROOT = iphoneos;
				SWIFT_ACTIVE_COMPILATION_CONDITIONS = DEBUG;
				SWIFT_OPTIMIZATION_LEVEL = "-Onone";
			};
			name = Debug;
		};
		6B87C36022BFD66C00803F7C /* Release */ = {
			isa = XCBuildConfiguration;
			buildSettings = {
				ALWAYS_SEARCH_USER_PATHS = NO;
				CLANG_ANALYZER_NONNULL = YES;
				CLANG_ANALYZER_NUMBER_OBJECT_CONVERSION = YES_AGGRESSIVE;
				CLANG_CXX_LANGUAGE_STANDARD = "gnu++14";
				CLANG_CXX_LIBRARY = "libc++";
				CLANG_ENABLE_MODULES = YES;
				CLANG_ENABLE_OBJC_ARC = YES;
				CLANG_ENABLE_OBJC_WEAK = YES;
				CLANG_WARN_BLOCK_CAPTURE_AUTORELEASING = YES;
				CLANG_WARN_BOOL_CONVERSION = YES;
				CLANG_WARN_COMMA = YES;
				CLANG_WARN_CONSTANT_CONVERSION = YES;
				CLANG_WARN_DEPRECATED_OBJC_IMPLEMENTATIONS = YES;
				CLANG_WARN_DIRECT_OBJC_ISA_USAGE = YES_ERROR;
				CLANG_WARN_DOCUMENTATION_COMMENTS = YES;
				CLANG_WARN_EMPTY_BODY = YES;
				CLANG_WARN_ENUM_CONVERSION = YES;
				CLANG_WARN_INFINITE_RECURSION = YES;
				CLANG_WARN_INT_CONVERSION = YES;
				CLANG_WARN_NON_LITERAL_NULL_CONVERSION = YES;
				CLANG_WARN_OBJC_IMPLICIT_RETAIN_SELF = YES;
				CLANG_WARN_OBJC_LITERAL_CONVERSION = YES;
				CLANG_WARN_OBJC_ROOT_CLASS = YES_ERROR;
				CLANG_WARN_RANGE_LOOP_ANALYSIS = YES;
				CLANG_WARN_STRICT_PROTOTYPES = YES;
				CLANG_WARN_SUSPICIOUS_MOVE = YES;
				CLANG_WARN_UNGUARDED_AVAILABILITY = YES_AGGRESSIVE;
				CLANG_WARN_UNREACHABLE_CODE = YES;
				CLANG_WARN__DUPLICATE_METHOD_MATCH = YES;
				CODE_SIGN_IDENTITY = "iPhone Developer";
				COPY_PHASE_STRIP = NO;
				DEBUG_INFORMATION_FORMAT = "dwarf-with-dsym";
				ENABLE_NS_ASSERTIONS = NO;
				ENABLE_STRICT_OBJC_MSGSEND = YES;
				GCC_C_LANGUAGE_STANDARD = gnu11;
				GCC_NO_COMMON_BLOCKS = YES;
				GCC_WARN_64_TO_32_BIT_CONVERSION = YES;
				GCC_WARN_ABOUT_RETURN_TYPE = YES_ERROR;
				GCC_WARN_UNDECLARED_SELECTOR = YES;
				GCC_WARN_UNINITIALIZED_AUTOS = YES_AGGRESSIVE;
				GCC_WARN_UNUSED_FUNCTION = YES;
				GCC_WARN_UNUSED_VARIABLE = YES;
				IPHONEOS_DEPLOYMENT_TARGET = 12.1;
				MTL_ENABLE_DEBUG_INFO = NO;
				MTL_FAST_MATH = YES;
				SDKROOT = iphoneos;
				SWIFT_COMPILATION_MODE = wholemodule;
				SWIFT_OPTIMIZATION_LEVEL = "-O";
				VALIDATE_PRODUCT = YES;
			};
			name = Release;
		};
		6B87C36222BFD66C00803F7C /* Debug */ = {
			isa = XCBuildConfiguration;
			baseConfigurationReference = 4A720DF28097A6ADAA0FC136 /* Pods-cuHacking.debug.xcconfig */;
			buildSettings = {
				ASSETCATALOG_COMPILER_APPICON_NAME = AppIcon;
				CODE_SIGN_STYLE = Automatic;
				DEBUG_INFORMATION_FORMAT = "dwarf-with-dsym";
				DEVELOPMENT_TEAM = SMEHD3WMB9;
				INFOPLIST_FILE = cuHacking/Info.plist;
				IPHONEOS_DEPLOYMENT_TARGET = 12.0;
				LD_RUNPATH_SEARCH_PATHS = (
					"$(inherited)",
					"@executable_path/Frameworks",
				);
				PRODUCT_BUNDLE_IDENTIFIER = com.cuhacking.app;
				PRODUCT_NAME = "$(TARGET_NAME)";
				SWIFT_VERSION = 5.0;
				TARGETED_DEVICE_FAMILY = "1,2";
			};
			name = Debug;
		};
		6B87C36322BFD66C00803F7C /* Release */ = {
			isa = XCBuildConfiguration;
			baseConfigurationReference = 778790F16A9475AC8F68BE33 /* Pods-cuHacking.release.xcconfig */;
			buildSettings = {
				ASSETCATALOG_COMPILER_APPICON_NAME = AppIcon;
				CODE_SIGN_STYLE = Automatic;
				DEVELOPMENT_TEAM = SMEHD3WMB9;
				INFOPLIST_FILE = cuHacking/Info.plist;
				IPHONEOS_DEPLOYMENT_TARGET = 12.0;
				LD_RUNPATH_SEARCH_PATHS = (
					"$(inherited)",
					"@executable_path/Frameworks",
				);
				PRODUCT_BUNDLE_IDENTIFIER = com.cuhacking.app;
				PRODUCT_NAME = "$(TARGET_NAME)";
				SWIFT_VERSION = 5.0;
				TARGETED_DEVICE_FAMILY = "1,2";
			};
			name = Release;
		};
		6B87C36522BFD66C00803F7C /* Debug */ = {
			isa = XCBuildConfiguration;
			baseConfigurationReference = 09F65A3562535E758EB86713 /* Pods-cuHackingTests.debug.xcconfig */;
			buildSettings = {
				ALWAYS_EMBED_SWIFT_STANDARD_LIBRARIES = YES;
				BUNDLE_LOADER = "$(TEST_HOST)";
				CODE_SIGN_STYLE = Automatic;
				DEVELOPMENT_TEAM = SMEHD3WMB9;
				INFOPLIST_FILE = cuHackingTests/Info.plist;
				LD_RUNPATH_SEARCH_PATHS = (
					"$(inherited)",
					"@executable_path/Frameworks",
					"@loader_path/Frameworks",
				);
				PRODUCT_BUNDLE_IDENTIFIER = com.cuhacking.app.cuHackingTests;
				PRODUCT_NAME = "$(TARGET_NAME)";
				SWIFT_VERSION = 5.0;
				TARGETED_DEVICE_FAMILY = "1,2";
				TEST_HOST = "$(BUILT_PRODUCTS_DIR)/cuHacking.app/cuHacking";
			};
			name = Debug;
		};
		6B87C36622BFD66C00803F7C /* Release */ = {
			isa = XCBuildConfiguration;
			baseConfigurationReference = 3116952C2E306727ACD47469 /* Pods-cuHackingTests.release.xcconfig */;
			buildSettings = {
				ALWAYS_EMBED_SWIFT_STANDARD_LIBRARIES = YES;
				BUNDLE_LOADER = "$(TEST_HOST)";
				CODE_SIGN_STYLE = Automatic;
				DEVELOPMENT_TEAM = SMEHD3WMB9;
				INFOPLIST_FILE = cuHackingTests/Info.plist;
				LD_RUNPATH_SEARCH_PATHS = (
					"$(inherited)",
					"@executable_path/Frameworks",
					"@loader_path/Frameworks",
				);
				PRODUCT_BUNDLE_IDENTIFIER = com.cuhacking.app.cuHackingTests;
				PRODUCT_NAME = "$(TARGET_NAME)";
				SWIFT_VERSION = 5.0;
				TARGETED_DEVICE_FAMILY = "1,2";
				TEST_HOST = "$(BUILT_PRODUCTS_DIR)/cuHacking.app/cuHacking";
			};
			name = Release;
		};
		6B87C36822BFD66C00803F7C /* Debug */ = {
			isa = XCBuildConfiguration;
			baseConfigurationReference = 7F439997403EF5F66C7289B4 /* Pods-cuHackingUITests.debug.xcconfig */;
			buildSettings = {
				ALWAYS_EMBED_SWIFT_STANDARD_LIBRARIES = YES;
				CODE_SIGN_STYLE = Automatic;
				DEVELOPMENT_TEAM = SMEHD3WMB9;
				INFOPLIST_FILE = cuHackingUITests/Info.plist;
				LD_RUNPATH_SEARCH_PATHS = (
					"$(inherited)",
					"@executable_path/Frameworks",
					"@loader_path/Frameworks",
				);
				PRODUCT_BUNDLE_IDENTIFIER = com.cuhacking.app.cuHackingUITests;
				PRODUCT_NAME = "$(TARGET_NAME)";
				SWIFT_VERSION = 5.0;
				TARGETED_DEVICE_FAMILY = "1,2";
				TEST_TARGET_NAME = cuHacking;
			};
			name = Debug;
		};
		6B87C36922BFD66C00803F7C /* Release */ = {
			isa = XCBuildConfiguration;
			baseConfigurationReference = 734046CDD543AF0012E6B6F5 /* Pods-cuHackingUITests.release.xcconfig */;
			buildSettings = {
				ALWAYS_EMBED_SWIFT_STANDARD_LIBRARIES = YES;
				CODE_SIGN_STYLE = Automatic;
				DEVELOPMENT_TEAM = SMEHD3WMB9;
				INFOPLIST_FILE = cuHackingUITests/Info.plist;
				LD_RUNPATH_SEARCH_PATHS = (
					"$(inherited)",
					"@executable_path/Frameworks",
					"@loader_path/Frameworks",
				);
				PRODUCT_BUNDLE_IDENTIFIER = com.cuhacking.app.cuHackingUITests;
				PRODUCT_NAME = "$(TARGET_NAME)";
				SWIFT_VERSION = 5.0;
				TARGETED_DEVICE_FAMILY = "1,2";
				TEST_TARGET_NAME = cuHacking;
			};
			name = Release;
		};
/* End XCBuildConfiguration section */

/* Begin XCConfigurationList section */
		6B87C33122BFD66A00803F7C /* Build configuration list for PBXProject "cuHacking" */ = {
			isa = XCConfigurationList;
			buildConfigurations = (
				6B87C35F22BFD66C00803F7C /* Debug */,
				6B87C36022BFD66C00803F7C /* Release */,
			);
			defaultConfigurationIsVisible = 0;
			defaultConfigurationName = Release;
		};
		6B87C36122BFD66C00803F7C /* Build configuration list for PBXNativeTarget "cuHacking" */ = {
			isa = XCConfigurationList;
			buildConfigurations = (
				6B87C36222BFD66C00803F7C /* Debug */,
				6B87C36322BFD66C00803F7C /* Release */,
			);
			defaultConfigurationIsVisible = 0;
			defaultConfigurationName = Release;
		};
		6B87C36422BFD66C00803F7C /* Build configuration list for PBXNativeTarget "cuHackingTests" */ = {
			isa = XCConfigurationList;
			buildConfigurations = (
				6B87C36522BFD66C00803F7C /* Debug */,
				6B87C36622BFD66C00803F7C /* Release */,
			);
			defaultConfigurationIsVisible = 0;
			defaultConfigurationName = Release;
		};
		6B87C36722BFD66C00803F7C /* Build configuration list for PBXNativeTarget "cuHackingUITests" */ = {
			isa = XCConfigurationList;
			buildConfigurations = (
				6B87C36822BFD66C00803F7C /* Debug */,
				6B87C36922BFD66C00803F7C /* Release */,
			);
			defaultConfigurationIsVisible = 0;
			defaultConfigurationName = Release;
		};
/* End XCConfigurationList section */

/* Begin XCVersionGroup section */
		6B87C34022BFD66B00803F7C /* cuHacking.xcdatamodeld */ = {
			isa = XCVersionGroup;
			children = (
				6B87C34122BFD66B00803F7C /* cuHacking.xcdatamodel */,
			);
			currentVersion = 6B87C34122BFD66B00803F7C /* cuHacking.xcdatamodel */;
			path = cuHacking.xcdatamodeld;
			sourceTree = "<group>";
			versionGroupType = wrapper.xcdatamodel;
		};
/* End XCVersionGroup section */
	};
	rootObject = 6B87C32E22BFD66A00803F7C /* Project object */;
}
